
Microsoft Visual Studio Solution File, Format Version 12.00
# Visual Studio Version 17
VisualStudioVersion = 17.11.35312.102
MinimumVisualStudioVersion = 10.0.40219.1
Project("{FAE04EC0-301F-11D3-BF4B-00C04F79EFBC}") = "Week 6 - Class Member Functions and Testing", "Week 6 - Class Member Functions and Testing\Week 6 - Class Member Functions and Testing.csproj", "{C1220D88-5C89-4847-947E-71C5827B6E00}"
EndProject
Global
	GlobalSection(SolutionConfigurationPlatforms) = preSolution
		Debug|Any CPU = Debug|Any CPU
		Release|Any CPU = Release|Any CPU
	EndGlobalSection
	GlobalSection(ProjectConfigurationPlatforms) = postSolution
		{C1220D88-5C89-4847-947E-71C5827B6E00}.Debug|Any CPU.ActiveCfg = Debug|Any CPU
		{C1220D88-5C89-4847-947E-71C5827B6E00}.Debug|Any CPU.Build.0 = Debug|Any CPU
		{C1220D88-5C89-4847-947E-71C5827B6E00}.Release|Any CPU.ActiveCfg = Release|Any CPU
		{C1220D88-5C89-4847-947E-71C5827B6E00}.Release|Any CPU.Build.0 = Release|Any CPU
	EndGlobalSection
	GlobalSection(SolutionProperties) = preSolution
		HideSolutionNode = FALSE
	EndGlobalSection
	GlobalSection(ExtensibilityGlobals) = postSolution
		SolutionGuid = {465AF055-229B-481F-AA72-0CACEEF8C1E3}
	EndGlobalSection
EndGlobal
