
Microsoft Visual Studio Solution File, Format Version 12.00
# Visual Studio Version 17
VisualStudioVersion = 17.11.35327.3
MinimumVisualStudioVersion = 10.0.40219.1
Project("{FAE04EC0-301F-11D3-BF4B-00C04F79EFBC}") = "Exercise 5", "Exercise 5\Exercise 5.csproj", "{226C37FA-FD18-4914-A248-B3B9A45ADE69}"
EndProject
Global
	GlobalSection(SolutionConfigurationPlatforms) = preSolution
		Debug|Any CPU = Debug|Any CPU
		Release|Any CPU = Release|Any CPU
	EndGlobalSection
	GlobalSection(ProjectConfigurationPlatforms) = postSolution
		{226C37FA-FD18-4914-A248-B3B9A45ADE69}.Debug|Any CPU.ActiveCfg = Debug|Any CPU
		{226C37FA-FD18-4914-A248-B3B9A45ADE69}.Debug|Any CPU.Build.0 = Debug|Any CPU
		{226C37FA-FD18-4914-A248-B3B9A45ADE69}.Release|Any CPU.ActiveCfg = Release|Any CPU
		{226C37FA-FD18-4914-A248-B3B9A45ADE69}.Release|Any CPU.Build.0 = Release|Any CPU
	EndGlobalSection
	GlobalSection(SolutionProperties) = preSolution
		HideSolutionNode = FALSE
	EndGlobalSection
	GlobalSection(ExtensibilityGlobals) = postSolution
		SolutionGuid = {BCE9E7A7-229D-47F8-BFC0-3592EAF7DE5D}
	EndGlobalSection
EndGlobal
